
Microsoft Visual Studio Solution File, Format Version 12.00
# Visual Studio Version 17
VisualStudioVersion = 17.0.31710.8
MinimumVisualStudioVersion = 16.0.29201.188
Project("{9A19103F-16F7-4668-BE54-9A1E7A4F7556}") = "Verify.Xunit", "Verify.Xunit\Verify.Xunit.csproj", "{C35E31DE-40A9-45C0-817B-41BE5B7D076E}"
EndProject
Project("{9A19103F-16F7-4668-BE54-9A1E7A4F7556}") = "Verify.Xunit.Tests", "Verify.Xunit.Tests\Verify.Xunit.Tests.csproj", "{76FE87D9-EF6B-4D31-99F2-7099C719AE99}"
EndProject
Project("{2150E333-8FDC-42A3-9474-1A3956D46DE8}") = "Solution Items", "Solution Items", "{9A6C4741-C83D-4E05-A62F-8049F65B9B6C}"
	ProjectSection(SolutionItems) = preProject
		.editorconfig = .editorconfig
		appveyor.yml = appveyor.yml
		Directory.Build.props = Directory.Build.props
		global.json = global.json
		mdsnippets.json = mdsnippets.json
		..\readme.source.md = ..\readme.source.md
	EndProjectSection
EndProject
Project("{9A19103F-16F7-4668-BE54-9A1E7A4F7556}") = "Verify", "Verify\Verify.csproj", "{A017D3FD-7DA5-4DF4-A169-72DE4AF76048}"
EndProject
Project("{9A19103F-16F7-4668-BE54-9A1E7A4F7556}") = "Verify.Tests", "Verify.Tests\Verify.Tests.csproj", "{C4875357-5EF0-40DC-9E53-0F5B0236534F}"
	ProjectSection(ProjectDependencies) = postProject
		{EBA9F929-B9A7-4685-8117-34E5DD6F4AEB} = {EBA9F929-B9A7-4685-8117-34E5DD6F4AEB}
	EndProjectSection
EndProject
Project("{9A19103F-16F7-4668-BE54-9A1E7A4F7556}") = "TargetLibrary", "TargetLibrary\TargetLibrary.csproj", "{5E9C9DF9-6E0B-4C6A-808F-0FDB51B21B41}"
EndProject
Project("{9A19103F-16F7-4668-BE54-9A1E7A4F7556}") = "Verify.NUnit", "Verify.NUnit\Verify.NUnit.csproj", "{F803FA6B-05EA-41B6-9B4A-770D32D8C157}"
EndProject
Project("{9A19103F-16F7-4668-BE54-9A1E7A4F7556}") = "Verify.NUnit.Tests", "Verify.NUnit.Tests\Verify.NUnit.Tests.csproj", "{C5571CA0-6C70-439B-BE44-A58B6FAED07D}"
EndProject
Project("{9A19103F-16F7-4668-BE54-9A1E7A4F7556}") = "Verify.MSTest.Tests", "Verify.MSTest.Tests\Verify.MSTest.Tests.csproj", "{B099DE39-0CCD-4FE9-9B62-9E4B34844BDF}"
EndProject
Project("{9A19103F-16F7-4668-BE54-9A1E7A4F7556}") = "Verify.MSTest", "Verify.MSTest\Verify.MSTest.csproj", "{B922F6CF-6C1A-4824-B416-10480DD8A9E9}"
EndProject
Project("{9A19103F-16F7-4668-BE54-9A1E7A4F7556}") = "DeterministicTests", "DeterministicTests\DeterministicTests.csproj", "{2AF2D308-DBE7-4ED3-B5D9-6DA900253337}"
EndProject
Project("{9A19103F-16F7-4668-BE54-9A1E7A4F7556}") = "FakeDiffTool", "FakeDiffTool\FakeDiffTool.csproj", "{EBA9F929-B9A7-4685-8117-34E5DD6F4AEB}"
EndProject
Project("{9A19103F-16F7-4668-BE54-9A1E7A4F7556}") = "StrictJsonTests", "StrictJsonTests\StrictJsonTests.csproj", "{558FDE7B-5135-4D21-9AA7-6D22A80AAB61}"
EndProject
Project("{9A19103F-16F7-4668-BE54-9A1E7A4F7556}") = "Verify.DerivePaths.Tests", "Verify.DerivePaths.Tests\Verify.DerivePaths.Tests.csproj", "{87BA0F09-5389-45F4-B0A5-FF2A88A954FA}"
EndProject
Project("{6EC3EE1D-3C4E-46DD-8F32-0CC8E7565705}") = "FSharpTests", "FSharpTests\FSharpTests.fsproj", "{FEB02B9C-0A01-4C0F-BF6D-AB84F6A46D67}"
EndProject
Project("{9A19103F-16F7-4668-BE54-9A1E7A4F7556}") = "DisableDirScrubbing", "DisableDirScrubbing\DisableDirScrubbing.csproj", "{10CA66D3-8050-444C-A9CF-7BCFCC670F36}"
EndProject
Project("{9A19103F-16F7-4668-BE54-9A1E7A4F7556}") = "SortedPropertiesTests", "SortedPropertiesTests\SortedPropertiesTests.csproj", "{A3200A32-50BF-45E5-9E9F-5D47B75DB319}"
EndProject
Project("{9A19103F-16F7-4668-BE54-9A1E7A4F7556}") = "Verify.Expecto.Tests", "Verify.Expecto.Tests\Verify.Expecto.Tests.csproj", "{47FBA9C3-4DFB-4D54-BCC4-26DD95E589B4}"
EndProject
Project("{9A19103F-16F7-4668-BE54-9A1E7A4F7556}") = "Verify.Expecto", "Verify.Expecto\Verify.Expecto.csproj", "{07B72F28-F0A5-4BA1-879E-5C75ADFAE7AE}"
EndProject
Project("{6EC3EE1D-3C4E-46DD-8F32-0CC8E7565705}") = "Verify.Expecto.FSharpTests", "Verify.Expecto.FSharpTests\Verify.Expecto.FSharpTests.fsproj", "{04431E3E-56D0-4B16-8128-DA5B1D0F4689}"
EndProject
Project("{9A19103F-16F7-4668-BE54-9A1E7A4F7556}") = "OmitContentFromException", "OmitContentFromException\OmitContentFromException.csproj", "{92E90960-270E-421E-A78F-5475ED2FC61C}"
EndProject
Project("{9A19103F-16F7-4668-BE54-9A1E7A4F7556}") = "Verify.ApprovalTestsTransition", "Verify.ApprovalTestsTransition\Verify.ApprovalTestsTransition.csproj", "{61D67340-5C79-4630-8CDA-1B3B3EA7BFF3}"
EndProject
Project("{9A19103F-16F7-4668-BE54-9A1E7A4F7556}") = "Verify.ExceptionParsing", "Verify.ExceptionParsing\Verify.ExceptionParsing.csproj", "{78C33E9A-0DBF-4C25-B7C6-7E2B549354C1}"
EndProject
Project("{9A19103F-16F7-4668-BE54-9A1E7A4F7556}") = "Verify.ExceptionParsing.Tests", "Verify.ExceptionParsing.Tests\Verify.ExceptionParsing.Tests.csproj", "{C8E92E90-F010-44D8-964E-F6828BA52804}"
EndProject
Project("{9A19103F-16F7-4668-BE54-9A1E7A4F7556}") = "Verify.ClipboardAccept", "Verify.ClipboardAccept\Verify.ClipboardAccept.csproj", "{E9CA88DF-2CAB-49F8-A19A-A531770EC3D8}"
EndProject
Project("{9A19103F-16F7-4668-BE54-9A1E7A4F7556}") = "Verify.ClipboardAccept.Tests", "Verify.ClipboardAccept.Tests\Verify.ClipboardAccept.Tests.csproj", "{1E92BEB7-4455-49D4-9317-AF90B97684CD}"
EndProject
Project("{9A19103F-16F7-4668-BE54-9A1E7A4F7556}") = "ApplyScrubbersTests", "ApplyScrubbersTests\ApplyScrubbersTests.csproj", "{3DE5EAD9-0C33-4ACB-9D4A-F6DB4AE01208}"
EndProject
Project("{9A19103F-16F7-4668-BE54-9A1E7A4F7556}") = "NullComparer", "NullComparer\NullComparer.csproj", "{3C759E19-3482-48A7-B2E2-95DA5E1EF159}"
EndProject
Project("{9A19103F-16F7-4668-BE54-9A1E7A4F7556}") = "AutoVerifyTests", "AutoVerifyTests\AutoVerifyTests.csproj", "{6E3F9E6E-72D9-4D40-90EE-933B4B1C26DD}"
EndProject
Project("{FAE04EC0-301F-11D3-BF4B-00C04F79EFBC}") = "SingleTfmTests", "SingleTfmTests\SingleTfmTests.csproj", "{63CFAA91-CEC2-4D21-BEEE-3EB970776E0E}"
EndProject
Project("{FAE04EC0-301F-11D3-BF4B-00C04F79EFBC}") = "SplitUniqueDirectoryMode", "SplitUniqueDirectoryMode\SplitUniqueDirectoryMode.csproj", "{02684D47-1A14-4D1A-9B26-387E3F45FEFC}"
EndProject
Project("{FAE04EC0-301F-11D3-BF4B-00C04F79EFBC}") = "SortedJsonTest", "SortedJsonTest\SortedJsonTest.csproj", "{DEC5A717-0914-4798-B68C-F848B6205B64}"
EndProject
Global
	GlobalSection(SolutionConfigurationPlatforms) = preSolution
		Debug|Any CPU = Debug|Any CPU
		Release|Any CPU = Release|Any CPU
	EndGlobalSection
	GlobalSection(ProjectConfigurationPlatforms) = postSolution
		{C35E31DE-40A9-45C0-817B-41BE5B7D076E}.Debug|Any CPU.ActiveCfg = Debug|Any CPU
		{C35E31DE-40A9-45C0-817B-41BE5B7D076E}.Debug|Any CPU.Build.0 = Debug|Any CPU
		{C35E31DE-40A9-45C0-817B-41BE5B7D076E}.Release|Any CPU.ActiveCfg = Release|Any CPU
		{C35E31DE-40A9-45C0-817B-41BE5B7D076E}.Release|Any CPU.Build.0 = Release|Any CPU
		{76FE87D9-EF6B-4D31-99F2-7099C719AE99}.Debug|Any CPU.ActiveCfg = Debug|Any CPU
		{76FE87D9-EF6B-4D31-99F2-7099C719AE99}.Debug|Any CPU.Build.0 = Debug|Any CPU
		{76FE87D9-EF6B-4D31-99F2-7099C719AE99}.Release|Any CPU.ActiveCfg = Release|Any CPU
		{76FE87D9-EF6B-4D31-99F2-7099C719AE99}.Release|Any CPU.Build.0 = Release|Any CPU
		{A017D3FD-7DA5-4DF4-A169-72DE4AF76048}.Debug|Any CPU.ActiveCfg = Debug|Any CPU
		{A017D3FD-7DA5-4DF4-A169-72DE4AF76048}.Debug|Any CPU.Build.0 = Debug|Any CPU
		{A017D3FD-7DA5-4DF4-A169-72DE4AF76048}.Release|Any CPU.ActiveCfg = Release|Any CPU
		{A017D3FD-7DA5-4DF4-A169-72DE4AF76048}.Release|Any CPU.Build.0 = Release|Any CPU
		{C4875357-5EF0-40DC-9E53-0F5B0236534F}.Debug|Any CPU.ActiveCfg = Debug|Any CPU
		{C4875357-5EF0-40DC-9E53-0F5B0236534F}.Debug|Any CPU.Build.0 = Debug|Any CPU
		{C4875357-5EF0-40DC-9E53-0F5B0236534F}.Release|Any CPU.ActiveCfg = Release|Any CPU
		{C4875357-5EF0-40DC-9E53-0F5B0236534F}.Release|Any CPU.Build.0 = Release|Any CPU
		{5E9C9DF9-6E0B-4C6A-808F-0FDB51B21B41}.Debug|Any CPU.ActiveCfg = Debug|Any CPU
		{5E9C9DF9-6E0B-4C6A-808F-0FDB51B21B41}.Debug|Any CPU.Build.0 = Debug|Any CPU
		{5E9C9DF9-6E0B-4C6A-808F-0FDB51B21B41}.Release|Any CPU.ActiveCfg = Release|Any CPU
		{5E9C9DF9-6E0B-4C6A-808F-0FDB51B21B41}.Release|Any CPU.Build.0 = Release|Any CPU
		{F803FA6B-05EA-41B6-9B4A-770D32D8C157}.Debug|Any CPU.ActiveCfg = Debug|Any CPU
		{F803FA6B-05EA-41B6-9B4A-770D32D8C157}.Debug|Any CPU.Build.0 = Debug|Any CPU
		{F803FA6B-05EA-41B6-9B4A-770D32D8C157}.Release|Any CPU.ActiveCfg = Release|Any CPU
		{F803FA6B-05EA-41B6-9B4A-770D32D8C157}.Release|Any CPU.Build.0 = Release|Any CPU
		{C5571CA0-6C70-439B-BE44-A58B6FAED07D}.Debug|Any CPU.ActiveCfg = Debug|Any CPU
		{C5571CA0-6C70-439B-BE44-A58B6FAED07D}.Debug|Any CPU.Build.0 = Debug|Any CPU
		{C5571CA0-6C70-439B-BE44-A58B6FAED07D}.Release|Any CPU.ActiveCfg = Release|Any CPU
		{C5571CA0-6C70-439B-BE44-A58B6FAED07D}.Release|Any CPU.Build.0 = Release|Any CPU
		{B099DE39-0CCD-4FE9-9B62-9E4B34844BDF}.Debug|Any CPU.ActiveCfg = Debug|Any CPU
		{B099DE39-0CCD-4FE9-9B62-9E4B34844BDF}.Debug|Any CPU.Build.0 = Debug|Any CPU
		{B099DE39-0CCD-4FE9-9B62-9E4B34844BDF}.Release|Any CPU.ActiveCfg = Release|Any CPU
		{B099DE39-0CCD-4FE9-9B62-9E4B34844BDF}.Release|Any CPU.Build.0 = Release|Any CPU
		{B922F6CF-6C1A-4824-B416-10480DD8A9E9}.Debug|Any CPU.ActiveCfg = Debug|Any CPU
		{B922F6CF-6C1A-4824-B416-10480DD8A9E9}.Debug|Any CPU.Build.0 = Debug|Any CPU
		{B922F6CF-6C1A-4824-B416-10480DD8A9E9}.Release|Any CPU.ActiveCfg = Release|Any CPU
		{B922F6CF-6C1A-4824-B416-10480DD8A9E9}.Release|Any CPU.Build.0 = Release|Any CPU
		{2AF2D308-DBE7-4ED3-B5D9-6DA900253337}.Debug|Any CPU.ActiveCfg = Debug|Any CPU
		{2AF2D308-DBE7-4ED3-B5D9-6DA900253337}.Debug|Any CPU.Build.0 = Debug|Any CPU
		{2AF2D308-DBE7-4ED3-B5D9-6DA900253337}.Release|Any CPU.ActiveCfg = Release|Any CPU
		{2AF2D308-DBE7-4ED3-B5D9-6DA900253337}.Release|Any CPU.Build.0 = Release|Any CPU
		{EBA9F929-B9A7-4685-8117-34E5DD6F4AEB}.Debug|Any CPU.ActiveCfg = Debug|Any CPU
		{EBA9F929-B9A7-4685-8117-34E5DD6F4AEB}.Debug|Any CPU.Build.0 = Debug|Any CPU
		{EBA9F929-B9A7-4685-8117-34E5DD6F4AEB}.Release|Any CPU.ActiveCfg = Release|Any CPU
		{EBA9F929-B9A7-4685-8117-34E5DD6F4AEB}.Release|Any CPU.Build.0 = Release|Any CPU
		{558FDE7B-5135-4D21-9AA7-6D22A80AAB61}.Debug|Any CPU.ActiveCfg = Debug|Any CPU
		{558FDE7B-5135-4D21-9AA7-6D22A80AAB61}.Debug|Any CPU.Build.0 = Debug|Any CPU
		{558FDE7B-5135-4D21-9AA7-6D22A80AAB61}.Release|Any CPU.ActiveCfg = Release|Any CPU
		{558FDE7B-5135-4D21-9AA7-6D22A80AAB61}.Release|Any CPU.Build.0 = Release|Any CPU
		{87BA0F09-5389-45F4-B0A5-FF2A88A954FA}.Debug|Any CPU.ActiveCfg = Debug|Any CPU
		{87BA0F09-5389-45F4-B0A5-FF2A88A954FA}.Debug|Any CPU.Build.0 = Debug|Any CPU
		{87BA0F09-5389-45F4-B0A5-FF2A88A954FA}.Release|Any CPU.ActiveCfg = Release|Any CPU
		{87BA0F09-5389-45F4-B0A5-FF2A88A954FA}.Release|Any CPU.Build.0 = Release|Any CPU
		{FEB02B9C-0A01-4C0F-BF6D-AB84F6A46D67}.Debug|Any CPU.ActiveCfg = Debug|Any CPU
		{FEB02B9C-0A01-4C0F-BF6D-AB84F6A46D67}.Debug|Any CPU.Build.0 = Debug|Any CPU
		{FEB02B9C-0A01-4C0F-BF6D-AB84F6A46D67}.Release|Any CPU.ActiveCfg = Release|Any CPU
		{FEB02B9C-0A01-4C0F-BF6D-AB84F6A46D67}.Release|Any CPU.Build.0 = Release|Any CPU
		{10CA66D3-8050-444C-A9CF-7BCFCC670F36}.Debug|Any CPU.ActiveCfg = Debug|Any CPU
		{10CA66D3-8050-444C-A9CF-7BCFCC670F36}.Debug|Any CPU.Build.0 = Debug|Any CPU
		{10CA66D3-8050-444C-A9CF-7BCFCC670F36}.Release|Any CPU.ActiveCfg = Release|Any CPU
		{10CA66D3-8050-444C-A9CF-7BCFCC670F36}.Release|Any CPU.Build.0 = Release|Any CPU
		{A3200A32-50BF-45E5-9E9F-5D47B75DB319}.Debug|Any CPU.ActiveCfg = Debug|Any CPU
		{A3200A32-50BF-45E5-9E9F-5D47B75DB319}.Debug|Any CPU.Build.0 = Debug|Any CPU
		{A3200A32-50BF-45E5-9E9F-5D47B75DB319}.Release|Any CPU.ActiveCfg = Release|Any CPU
		{A3200A32-50BF-45E5-9E9F-5D47B75DB319}.Release|Any CPU.Build.0 = Release|Any CPU
		{47FBA9C3-4DFB-4D54-BCC4-26DD95E589B4}.Debug|Any CPU.ActiveCfg = Debug|Any CPU
		{47FBA9C3-4DFB-4D54-BCC4-26DD95E589B4}.Debug|Any CPU.Build.0 = Debug|Any CPU
		{47FBA9C3-4DFB-4D54-BCC4-26DD95E589B4}.Release|Any CPU.ActiveCfg = Release|Any CPU
		{47FBA9C3-4DFB-4D54-BCC4-26DD95E589B4}.Release|Any CPU.Build.0 = Release|Any CPU
		{07B72F28-F0A5-4BA1-879E-5C75ADFAE7AE}.Debug|Any CPU.ActiveCfg = Debug|Any CPU
		{07B72F28-F0A5-4BA1-879E-5C75ADFAE7AE}.Debug|Any CPU.Build.0 = Debug|Any CPU
		{07B72F28-F0A5-4BA1-879E-5C75ADFAE7AE}.Release|Any CPU.ActiveCfg = Release|Any CPU
		{07B72F28-F0A5-4BA1-879E-5C75ADFAE7AE}.Release|Any CPU.Build.0 = Release|Any CPU
		{04431E3E-56D0-4B16-8128-DA5B1D0F4689}.Debug|Any CPU.ActiveCfg = Debug|Any CPU
		{04431E3E-56D0-4B16-8128-DA5B1D0F4689}.Debug|Any CPU.Build.0 = Debug|Any CPU
		{04431E3E-56D0-4B16-8128-DA5B1D0F4689}.Release|Any CPU.ActiveCfg = Release|Any CPU
		{04431E3E-56D0-4B16-8128-DA5B1D0F4689}.Release|Any CPU.Build.0 = Release|Any CPU
		{92E90960-270E-421E-A78F-5475ED2FC61C}.Debug|Any CPU.ActiveCfg = Debug|Any CPU
		{92E90960-270E-421E-A78F-5475ED2FC61C}.Debug|Any CPU.Build.0 = Debug|Any CPU
		{92E90960-270E-421E-A78F-5475ED2FC61C}.Release|Any CPU.ActiveCfg = Release|Any CPU
		{92E90960-270E-421E-A78F-5475ED2FC61C}.Release|Any CPU.Build.0 = Release|Any CPU
		{61D67340-5C79-4630-8CDA-1B3B3EA7BFF3}.Debug|Any CPU.ActiveCfg = Debug|Any CPU
		{61D67340-5C79-4630-8CDA-1B3B3EA7BFF3}.Debug|Any CPU.Build.0 = Debug|Any CPU
		{61D67340-5C79-4630-8CDA-1B3B3EA7BFF3}.Release|Any CPU.ActiveCfg = Release|Any CPU
		{61D67340-5C79-4630-8CDA-1B3B3EA7BFF3}.Release|Any CPU.Build.0 = Release|Any CPU
		{78C33E9A-0DBF-4C25-B7C6-7E2B549354C1}.Debug|Any CPU.ActiveCfg = Debug|Any CPU
		{78C33E9A-0DBF-4C25-B7C6-7E2B549354C1}.Debug|Any CPU.Build.0 = Debug|Any CPU
		{78C33E9A-0DBF-4C25-B7C6-7E2B549354C1}.Release|Any CPU.ActiveCfg = Release|Any CPU
		{78C33E9A-0DBF-4C25-B7C6-7E2B549354C1}.Release|Any CPU.Build.0 = Release|Any CPU
		{C8E92E90-F010-44D8-964E-F6828BA52804}.Debug|Any CPU.ActiveCfg = Debug|Any CPU
		{C8E92E90-F010-44D8-964E-F6828BA52804}.Debug|Any CPU.Build.0 = Debug|Any CPU
		{C8E92E90-F010-44D8-964E-F6828BA52804}.Release|Any CPU.ActiveCfg = Release|Any CPU
		{C8E92E90-F010-44D8-964E-F6828BA52804}.Release|Any CPU.Build.0 = Release|Any CPU
		{E9CA88DF-2CAB-49F8-A19A-A531770EC3D8}.Debug|Any CPU.ActiveCfg = Debug|Any CPU
		{E9CA88DF-2CAB-49F8-A19A-A531770EC3D8}.Debug|Any CPU.Build.0 = Debug|Any CPU
		{E9CA88DF-2CAB-49F8-A19A-A531770EC3D8}.Release|Any CPU.ActiveCfg = Release|Any CPU
		{E9CA88DF-2CAB-49F8-A19A-A531770EC3D8}.Release|Any CPU.Build.0 = Release|Any CPU
		{1E92BEB7-4455-49D4-9317-AF90B97684CD}.Debug|Any CPU.ActiveCfg = Debug|Any CPU
		{1E92BEB7-4455-49D4-9317-AF90B97684CD}.Debug|Any CPU.Build.0 = Debug|Any CPU
		{1E92BEB7-4455-49D4-9317-AF90B97684CD}.Release|Any CPU.ActiveCfg = Release|Any CPU
		{1E92BEB7-4455-49D4-9317-AF90B97684CD}.Release|Any CPU.Build.0 = Release|Any CPU
		{3DE5EAD9-0C33-4ACB-9D4A-F6DB4AE01208}.Debug|Any CPU.ActiveCfg = Debug|Any CPU
		{3DE5EAD9-0C33-4ACB-9D4A-F6DB4AE01208}.Debug|Any CPU.Build.0 = Debug|Any CPU
		{3DE5EAD9-0C33-4ACB-9D4A-F6DB4AE01208}.Release|Any CPU.ActiveCfg = Release|Any CPU
		{3DE5EAD9-0C33-4ACB-9D4A-F6DB4AE01208}.Release|Any CPU.Build.0 = Release|Any CPU
		{3C759E19-3482-48A7-B2E2-95DA5E1EF159}.Debug|Any CPU.ActiveCfg = Debug|Any CPU
		{3C759E19-3482-48A7-B2E2-95DA5E1EF159}.Debug|Any CPU.Build.0 = Debug|Any CPU
		{3C759E19-3482-48A7-B2E2-95DA5E1EF159}.Release|Any CPU.ActiveCfg = Release|Any CPU
		{3C759E19-3482-48A7-B2E2-95DA5E1EF159}.Release|Any CPU.Build.0 = Release|Any CPU
		{6E3F9E6E-72D9-4D40-90EE-933B4B1C26DD}.Debug|Any CPU.ActiveCfg = Debug|Any CPU
		{6E3F9E6E-72D9-4D40-90EE-933B4B1C26DD}.Debug|Any CPU.Build.0 = Debug|Any CPU
		{6E3F9E6E-72D9-4D40-90EE-933B4B1C26DD}.Release|Any CPU.ActiveCfg = Release|Any CPU
		{6E3F9E6E-72D9-4D40-90EE-933B4B1C26DD}.Release|Any CPU.Build.0 = Release|Any CPU
		{63CFAA91-CEC2-4D21-BEEE-3EB970776E0E}.Debug|Any CPU.ActiveCfg = Debug|Any CPU
		{63CFAA91-CEC2-4D21-BEEE-3EB970776E0E}.Debug|Any CPU.Build.0 = Debug|Any CPU
		{63CFAA91-CEC2-4D21-BEEE-3EB970776E0E}.Release|Any CPU.ActiveCfg = Release|Any CPU
		{63CFAA91-CEC2-4D21-BEEE-3EB970776E0E}.Release|Any CPU.Build.0 = Release|Any CPU
		{02684D47-1A14-4D1A-9B26-387E3F45FEFC}.Debug|Any CPU.ActiveCfg = Debug|Any CPU
		{02684D47-1A14-4D1A-9B26-387E3F45FEFC}.Debug|Any CPU.Build.0 = Debug|Any CPU
		{02684D47-1A14-4D1A-9B26-387E3F45FEFC}.Release|Any CPU.ActiveCfg = Release|Any CPU
		{02684D47-1A14-4D1A-9B26-387E3F45FEFC}.Release|Any CPU.Build.0 = Release|Any CPU
		{DEC5A717-0914-4798-B68C-F848B6205B64}.Debug|Any CPU.ActiveCfg = Debug|Any CPU
		{DEC5A717-0914-4798-B68C-F848B6205B64}.Debug|Any CPU.Build.0 = Debug|Any CPU
		{DEC5A717-0914-4798-B68C-F848B6205B64}.Release|Any CPU.ActiveCfg = Release|Any CPU
		{DEC5A717-0914-4798-B68C-F848B6205B64}.Release|Any CPU.Build.0 = Release|Any CPU
	EndGlobalSection
	GlobalSection(SolutionProperties) = preSolution
		HideSolutionNode = FALSE
	EndGlobalSection
	GlobalSection(ExtensibilityGlobals) = postSolution
		SolutionGuid = {B0B94980-5385-4EC6-A0EE-C9A191DDFC05}
	EndGlobalSection
EndGlobal
